
Microsoft Visual Studio Solution File, Format Version 12.00
# Visual Studio Version 17
VisualStudioVersion = 17.8.34601.278
MinimumVisualStudioVersion = 10.0.40219.1
Project("{FAE04EC0-301F-11D3-BF4B-00C04F79EFBC}") = "WebApplication3", "WebApplication3\WebApplication3.csproj", "{0C034313-DD7D-46A0-BCC1-2047D1ACCCFA}"
EndProject
Global
	GlobalSection(SolutionConfigurationPlatforms) = preSolution
		Debug|Any CPU = Debug|Any CPU
		Release|Any CPU = Release|Any CPU
	EndGlobalSection
	GlobalSection(ProjectConfigurationPlatforms) = postSolution
		{0C034313-DD7D-46A0-BCC1-2047D1ACCCFA}.Debug|Any CPU.ActiveCfg = Debug|Any CPU
		{0C034313-DD7D-46A0-BCC1-2047D1ACCCFA}.Debug|Any CPU.Build.0 = Debug|Any CPU
		{0C034313-DD7D-46A0-BCC1-2047D1ACCCFA}.Release|Any CPU.ActiveCfg = Release|Any CPU
		{0C034313-DD7D-46A0-BCC1-2047D1ACCCFA}.Release|Any CPU.Build.0 = Release|Any CPU
	EndGlobalSection
	GlobalSection(SolutionProperties) = preSolution
		HideSolutionNode = FALSE
	EndGlobalSection
	GlobalSection(ExtensibilityGlobals) = postSolution
		SolutionGuid = {403D7E81-D767-4CF2-8BFD-B7AAFC2F3C88}
	EndGlobalSection
EndGlobal
